// !$*UTF8*$!
{
	archiveVersion = 1;
	classes = {
	};
	objectVersion = 55;
	objects = {

/* Begin PBXBuildFile section */
		12ACF05027AED3ED00D92273 /* FriendsAPI.swift in Sources */ = {isa = PBXBuildFile; fileRef = 12ACF04F27AED3ED00D92273 /* FriendsAPI.swift */; };
		12ACF05327AED43A00D92273 /* Alamofire in Frameworks */ = {isa = PBXBuildFile; productRef = 12ACF05227AED43A00D92273 /* Alamofire */; };
		12ACF05627AED46E00D92273 /* SwiftyJSON in Frameworks */ = {isa = PBXBuildFile; productRef = 12ACF05527AED46E00D92273 /* SwiftyJSON */; };
		12ACF05927AED6D100D92273 /* SwiftKeychainWrapper in Frameworks */ = {isa = PBXBuildFile; productRef = 12ACF05827AED6D100D92273 /* SwiftKeychainWrapper */; };
		12ACF05B27AED6F800D92273 /* Session.swift in Sources */ = {isa = PBXBuildFile; fileRef = 12ACF05A27AED6F800D92273 /* Session.swift */; };
		12F8F49F27A58EA8007EA748 /* AppDelegate.swift in Sources */ = {isa = PBXBuildFile; fileRef = 12F8F49E27A58EA8007EA748 /* AppDelegate.swift */; };
		12F8F4A127A58EA8007EA748 /* SceneDelegate.swift in Sources */ = {isa = PBXBuildFile; fileRef = 12F8F4A027A58EA8007EA748 /* SceneDelegate.swift */; };
		12F8F4A327A58EA8007EA748 /* AuthViewController.swift in Sources */ = {isa = PBXBuildFile; fileRef = 12F8F4A227A58EA8007EA748 /* AuthViewController.swift */; };
		12F8F4A627A58EA8007EA748 /* Main.storyboard in Resources */ = {isa = PBXBuildFile; fileRef = 12F8F4A427A58EA8007EA748 /* Main.storyboard */; };
		12F8F4A827A58EAB007EA748 /* Assets.xcassets in Resources */ = {isa = PBXBuildFile; fileRef = 12F8F4A727A58EAB007EA748 /* Assets.xcassets */; };
		12F8F4AB27A58EAB007EA748 /* LaunchScreen.storyboard in Resources */ = {isa = PBXBuildFile; fileRef = 12F8F4A927A58EAB007EA748 /* LaunchScreen.storyboard */; };
		12F8F4B627A58F87007EA748 /* FriendsViewController.swift in Sources */ = {isa = PBXBuildFile; fileRef = 12F8F4B527A58F87007EA748 /* FriendsViewController.swift */; };
/* End PBXBuildFile section */

/* Begin PBXFileReference section */
		12ACF04F27AED3ED00D92273 /* FriendsAPI.swift */ = {isa = PBXFileReference; lastKnownFileType = sourcecode.swift; path = FriendsAPI.swift; sourceTree = "<group>"; };
		12ACF05A27AED6F800D92273 /* Session.swift */ = {isa = PBXFileReference; lastKnownFileType = sourcecode.swift; path = Session.swift; sourceTree = "<group>"; };
		12F8F49B27A58EA8007EA748 /* vk-viktor.app */ = {isa = PBXFileReference; explicitFileType = wrapper.application; includeInIndex = 0; path = "vk-viktor.app"; sourceTree = BUILT_PRODUCTS_DIR; };
		12F8F49E27A58EA8007EA748 /* AppDelegate.swift */ = {isa = PBXFileReference; lastKnownFileType = sourcecode.swift; path = AppDelegate.swift; sourceTree = "<group>"; };
		12F8F4A027A58EA8007EA748 /* SceneDelegate.swift */ = {isa = PBXFileReference; lastKnownFileType = sourcecode.swift; path = SceneDelegate.swift; sourceTree = "<group>"; };
		12F8F4A227A58EA8007EA748 /* AuthViewController.swift */ = {isa = PBXFileReference; lastKnownFileType = sourcecode.swift; path = AuthViewController.swift; sourceTree = "<group>"; };
		12F8F4A527A58EA8007EA748 /* Base */ = {isa = PBXFileReference; lastKnownFileType = file.storyboard; name = Base; path = Base.lproj/Main.storyboard; sourceTree = "<group>"; };
		12F8F4A727A58EAB007EA748 /* Assets.xcassets */ = {isa = PBXFileReference; lastKnownFileType = folder.assetcatalog; path = Assets.xcassets; sourceTree = "<group>"; };
		12F8F4AA27A58EAB007EA748 /* Base */ = {isa = PBXFileReference; lastKnownFileType = file.storyboard; name = Base; path = Base.lproj/LaunchScreen.storyboard; sourceTree = "<group>"; };
		12F8F4AC27A58EAB007EA748 /* Info.plist */ = {isa = PBXFileReference; lastKnownFileType = text.plist.xml; path = Info.plist; sourceTree = "<group>"; };
		12F8F4B527A58F87007EA748 /* FriendsViewController.swift */ = {isa = PBXFileReference; lastKnownFileType = sourcecode.swift; path = FriendsViewController.swift; sourceTree = "<group>"; };
/* End PBXFileReference section */

/* Begin PBXFrameworksBuildPhase section */
		12F8F49827A58EA8007EA748 /* Frameworks */ = {
			isa = PBXFrameworksBuildPhase;
			buildActionMask = 2147483647;
			files = (
				12ACF05627AED46E00D92273 /* SwiftyJSON in Frameworks */,
				12ACF05327AED43A00D92273 /* Alamofire in Frameworks */,
				12ACF05927AED6D100D92273 /* SwiftKeychainWrapper in Frameworks */,
			);
			runOnlyForDeploymentPostprocessing = 0;
		};
/* End PBXFrameworksBuildPhase section */

/* Begin PBXGroup section */
		12ACF04E27AED3CF00D92273 /* Services */ = {
			isa = PBXGroup;
			children = (
				12ACF04F27AED3ED00D92273 /* FriendsAPI.swift */,
				12ACF05A27AED6F800D92273 /* Session.swift */,
			);
			path = Services;
			sourceTree = "<group>";
		};
		12F8F49227A58EA8007EA748 = {
			isa = PBXGroup;
			children = (
				12F8F49D27A58EA8007EA748 /* vk-viktor */,
				12F8F49C27A58EA8007EA748 /* Products */,
			);
			sourceTree = "<group>";
		};
		12F8F49C27A58EA8007EA748 /* Products */ = {
			isa = PBXGroup;
			children = (
				12F8F49B27A58EA8007EA748 /* vk-viktor.app */,
			);
			name = Products;
			sourceTree = "<group>";
		};
		12F8F49D27A58EA8007EA748 /* vk-viktor */ = {
			isa = PBXGroup;
			children = (
				12F8F4B227A58EC3007EA748 /* Core */,
				12F8F4B327A58ECC007EA748 /* Screens */,
				12ACF04E27AED3CF00D92273 /* Services */,
				12F8F4B427A58ED7007EA748 /* Resources */,
			);
			path = "vk-viktor";
			sourceTree = "<group>";
		};
		12F8F4B227A58EC3007EA748 /* Core */ = {
			isa = PBXGroup;
			children = (
				12F8F49E27A58EA8007EA748 /* AppDelegate.swift */,
				12F8F4A027A58EA8007EA748 /* SceneDelegate.swift */,
			);
			path = Core;
			sourceTree = "<group>";
		};
		12F8F4B327A58ECC007EA748 /* Screens */ = {
			isa = PBXGroup;
			children = (
				12F8F4A227A58EA8007EA748 /* AuthViewController.swift */,
				12F8F4B527A58F87007EA748 /* FriendsViewController.swift */,
			);
			path = Screens;
			sourceTree = "<group>";
		};
		12F8F4B427A58ED7007EA748 /* Resources */ = {
			isa = PBXGroup;
			children = (
				12F8F4A427A58EA8007EA748 /* Main.storyboard */,
				12F8F4A727A58EAB007EA748 /* Assets.xcassets */,
				12F8F4A927A58EAB007EA748 /* LaunchScreen.storyboard */,
				12F8F4AC27A58EAB007EA748 /* Info.plist */,
			);
			path = Resources;
			sourceTree = "<group>";
		};
/* End PBXGroup section */

/* Begin PBXNativeTarget section */
		12F8F49A27A58EA8007EA748 /* vk-viktor */ = {
			isa = PBXNativeTarget;
			buildConfigurationList = 12F8F4AF27A58EAB007EA748 /* Build configuration list for PBXNativeTarget "vk-viktor" */;
			buildPhases = (
				12F8F49727A58EA8007EA748 /* Sources */,
				12F8F49827A58EA8007EA748 /* Frameworks */,
				12F8F49927A58EA8007EA748 /* Resources */,
			);
			buildRules = (
			);
			dependencies = (
			);
			name = "vk-viktor";
			packageProductDependencies = (
				12ACF05227AED43A00D92273 /* Alamofire */,
				12ACF05527AED46E00D92273 /* SwiftyJSON */,
				12ACF05827AED6D100D92273 /* SwiftKeychainWrapper */,
			);
			productName = "vk-viktor";
			productReference = 12F8F49B27A58EA8007EA748 /* vk-viktor.app */;
			productType = "com.apple.product-type.application";
		};
/* End PBXNativeTarget section */

/* Begin PBXProject section */
		12F8F49327A58EA8007EA748 /* Project object */ = {
			isa = PBXProject;
			attributes = {
				BuildIndependentTargetsInParallel = 1;
				LastSwiftUpdateCheck = 1320;
				LastUpgradeCheck = 1320;
				TargetAttributes = {
					12F8F49A27A58EA8007EA748 = {
						CreatedOnToolsVersion = 13.2.1;
					};
				};
			};
			buildConfigurationList = 12F8F49627A58EA8007EA748 /* Build configuration list for PBXProject "vk-viktor" */;
			compatibilityVersion = "Xcode 13.0";
			developmentRegion = en;
			hasScannedForEncodings = 0;
			knownRegions = (
				en,
				Base,
			);
			mainGroup = 12F8F49227A58EA8007EA748;
			packageReferences = (
				12ACF05127AED43A00D92273 /* XCRemoteSwiftPackageReference "Alamofire" */,
				12ACF05427AED46E00D92273 /* XCRemoteSwiftPackageReference "SwiftyJSON" */,
				12ACF05727AED6D100D92273 /* XCRemoteSwiftPackageReference "SwiftKeychainWrapper" */,
			);
			productRefGroup = 12F8F49C27A58EA8007EA748 /* Products */;
			projectDirPath = "";
			projectRoot = "";
			targets = (
				12F8F49A27A58EA8007EA748 /* vk-viktor */,
			);
		};
/* End PBXProject section */

/* Begin PBXResourcesBuildPhase section */
		12F8F49927A58EA8007EA748 /* Resources */ = {
			isa = PBXResourcesBuildPhase;
			buildActionMask = 2147483647;
			files = (
				12F8F4AB27A58EAB007EA748 /* LaunchScreen.storyboard in Resources */,
				12F8F4A827A58EAB007EA748 /* Assets.xcassets in Resources */,
				12F8F4A627A58EA8007EA748 /* Main.storyboard in Resources */,
			);
			runOnlyForDeploymentPostprocessing = 0;
		};
/* End PBXResourcesBuildPhase section */

/* Begin PBXSourcesBuildPhase section */
		12F8F49727A58EA8007EA748 /* Sources */ = {
			isa = PBXSourcesBuildPhase;
			buildActionMask = 2147483647;
			files = (
				12F8F4B627A58F87007EA748 /* FriendsViewController.swift in Sources */,
				12ACF05027AED3ED00D92273 /* FriendsAPI.swift in Sources */,
				12ACF05B27AED6F800D92273 /* Session.swift in Sources */,
				12F8F4A327A58EA8007EA748 /* AuthViewController.swift in Sources */,
				12F8F49F27A58EA8007EA748 /* AppDelegate.swift in Sources */,
				12F8F4A127A58EA8007EA748 /* SceneDelegate.swift in Sources */,
			);
			runOnlyForDeploymentPostprocessing = 0;
		};
/* End PBXSourcesBuildPhase section */

/* Begin PBXVariantGroup section */
		12F8F4A427A58EA8007EA748 /* Main.storyboard */ = {
			isa = PBXVariantGroup;
			children = (
				12F8F4A527A58EA8007EA748 /* Base */,
			);
			name = Main.storyboard;
			sourceTree = "<group>";
		};
		12F8F4A927A58EAB007EA748 /* LaunchScreen.storyboard */ = {
			isa = PBXVariantGroup;
			children = (
				12F8F4AA27A58EAB007EA748 /* Base */,
			);
			name = LaunchScreen.storyboard;
			sourceTree = "<group>";
		};
/* End PBXVariantGroup section */

/* Begin XCBuildConfiguration section */
		12F8F4AD27A58EAB007EA748 /* Debug */ = {
			isa = XCBuildConfiguration;
			buildSettings = {
				ALWAYS_SEARCH_USER_PATHS = NO;
				CLANG_ANALYZER_NONNULL = YES;
				CLANG_ANALYZER_NUMBER_OBJECT_CONVERSION = YES_AGGRESSIVE;
				CLANG_CXX_LANGUAGE_STANDARD = "gnu++17";
				CLANG_CXX_LIBRARY = "libc++";
				CLANG_ENABLE_MODULES = YES;
				CLANG_ENABLE_OBJC_ARC = YES;
				CLANG_ENABLE_OBJC_WEAK = YES;
				CLANG_WARN_BLOCK_CAPTURE_AUTORELEASING = YES;
				CLANG_WARN_BOOL_CONVERSION = YES;
				CLANG_WARN_COMMA = YES;
				CLANG_WARN_CONSTANT_CONVERSION = YES;
				CLANG_WARN_DEPRECATED_OBJC_IMPLEMENTATIONS = YES;
				CLANG_WARN_DIRECT_OBJC_ISA_USAGE = YES_ERROR;
				CLANG_WARN_DOCUMENTATION_COMMENTS = YES;
				CLANG_WARN_EMPTY_BODY = YES;
				CLANG_WARN_ENUM_CONVERSION = YES;
				CLANG_WARN_INFINITE_RECURSION = YES;
				CLANG_WARN_INT_CONVERSION = YES;
				CLANG_WARN_NON_LITERAL_NULL_CONVERSION = YES;
				CLANG_WARN_OBJC_IMPLICIT_RETAIN_SELF = YES;
				CLANG_WARN_OBJC_LITERAL_CONVERSION = YES;
				CLANG_WARN_OBJC_ROOT_CLASS = YES_ERROR;
				CLANG_WARN_QUOTED_INCLUDE_IN_FRAMEWORK_HEADER = YES;
				CLANG_WARN_RANGE_LOOP_ANALYSIS = YES;
				CLANG_WARN_STRICT_PROTOTYPES = YES;
				CLANG_WARN_SUSPICIOUS_MOVE = YES;
				CLANG_WARN_UNGUARDED_AVAILABILITY = YES_AGGRESSIVE;
				CLANG_WARN_UNREACHABLE_CODE = YES;
				CLANG_WARN__DUPLICATE_METHOD_MATCH = YES;
				COPY_PHASE_STRIP = NO;
				DEBUG_INFORMATION_FORMAT = dwarf;
				ENABLE_STRICT_OBJC_MSGSEND = YES;
				ENABLE_TESTABILITY = YES;
				GCC_C_LANGUAGE_STANDARD = gnu11;
				GCC_DYNAMIC_NO_PIC = NO;
				GCC_NO_COMMON_BLOCKS = YES;
				GCC_OPTIMIZATION_LEVEL = 0;
				GCC_PREPROCESSOR_DEFINITIONS = (
					"DEBUG=1",
					"$(inherited)",
				);
				GCC_WARN_64_TO_32_BIT_CONVERSION = YES;
				GCC_WARN_ABOUT_RETURN_TYPE = YES_ERROR;
				GCC_WARN_UNDECLARED_SELECTOR = YES;
				GCC_WARN_UNINITIALIZED_AUTOS = YES_AGGRESSIVE;
				GCC_WARN_UNUSED_FUNCTION = YES;
				GCC_WARN_UNUSED_VARIABLE = YES;
				IPHONEOS_DEPLOYMENT_TARGET = 15.2;
				MTL_ENABLE_DEBUG_INFO = INCLUDE_SOURCE;
				MTL_FAST_MATH = YES;
				ONLY_ACTIVE_ARCH = YES;
				SDKROOT = iphoneos;
				SWIFT_ACTIVE_COMPILATION_CONDITIONS = DEBUG;
				SWIFT_OPTIMIZATION_LEVEL = "-Onone";
			};
			name = Debug;
		};
		12F8F4AE27A58EAB007EA748 /* Release */ = {
			isa = XCBuildConfiguration;
			buildSettings = {
				ALWAYS_SEARCH_USER_PATHS = NO;
				CLANG_ANALYZER_NONNULL = YES;
				CLANG_ANALYZER_NUMBER_OBJECT_CONVERSION = YES_AGGRESSIVE;
				CLANG_CXX_LANGUAGE_STANDARD = "gnu++17";
				CLANG_CXX_LIBRARY = "libc++";
				CLANG_ENABLE_MODULES = YES;
				CLANG_ENABLE_OBJC_ARC = YES;
				CLANG_ENABLE_OBJC_WEAK = YES;
				CLANG_WARN_BLOCK_CAPTURE_AUTORELEASING = YES;
				CLANG_WARN_BOOL_CONVERSION = YES;
				CLANG_WARN_COMMA = YES;
				CLANG_WARN_CONSTANT_CONVERSION = YES;
				CLANG_WARN_DEPRECATED_OBJC_IMPLEMENTATIONS = YES;
				CLANG_WARN_DIRECT_OBJC_ISA_USAGE = YES_ERROR;
				CLANG_WARN_DOCUMENTATION_COMMENTS = YES;
				CLANG_WARN_EMPTY_BODY = YES;
				CLANG_WARN_ENUM_CONVERSION = YES;
				CLANG_WARN_INFINITE_RECURSION = YES;
				CLANG_WARN_INT_CONVERSION = YES;
				CLANG_WARN_NON_LITERAL_NULL_CONVERSION = YES;
				CLANG_WARN_OBJC_IMPLICIT_RETAIN_SELF = YES;
				CLANG_WARN_OBJC_LITERAL_CONVERSION = YES;
				CLANG_WARN_OBJC_ROOT_CLASS = YES_ERROR;
				CLANG_WARN_QUOTED_INCLUDE_IN_FRAMEWORK_HEADER = YES;
				CLANG_WARN_RANGE_LOOP_ANALYSIS = YES;
				CLANG_WARN_STRICT_PROTOTYPES = YES;
				CLANG_WARN_SUSPICIOUS_MOVE = YES;
				CLANG_WARN_UNGUARDED_AVAILABILITY = YES_AGGRESSIVE;
				CLANG_WARN_UNREACHABLE_CODE = YES;
				CLANG_WARN__DUPLICATE_METHOD_MATCH = YES;
				COPY_PHASE_STRIP = NO;
				DEBUG_INFORMATION_FORMAT = "dwarf-with-dsym";
				ENABLE_NS_ASSERTIONS = NO;
				ENABLE_STRICT_OBJC_MSGSEND = YES;
				GCC_C_LANGUAGE_STANDARD = gnu11;
				GCC_NO_COMMON_BLOCKS = YES;
				GCC_WARN_64_TO_32_BIT_CONVERSION = YES;
				GCC_WARN_ABOUT_RETURN_TYPE = YES_ERROR;
				GCC_WARN_UNDECLARED_SELECTOR = YES;
				GCC_WARN_UNINITIALIZED_AUTOS = YES_AGGRESSIVE;
				GCC_WARN_UNUSED_FUNCTION = YES;
				GCC_WARN_UNUSED_VARIABLE = YES;
				IPHONEOS_DEPLOYMENT_TARGET = 15.2;
				MTL_ENABLE_DEBUG_INFO = NO;
				MTL_FAST_MATH = YES;
				SDKROOT = iphoneos;
				SWIFT_COMPILATION_MODE = wholemodule;
				SWIFT_OPTIMIZATION_LEVEL = "-O";
				VALIDATE_PRODUCT = YES;
			};
			name = Release;
		};
		12F8F4B027A58EAB007EA748 /* Debug */ = {
			isa = XCBuildConfiguration;
			buildSettings = {
				ASSETCATALOG_COMPILER_APPICON_NAME = AppIcon;
				ASSETCATALOG_COMPILER_GLOBAL_ACCENT_COLOR_NAME = AccentColor;
				CODE_SIGN_STYLE = Automatic;
				CURRENT_PROJECT_VERSION = 1;
				DEVELOPMENT_TEAM = 77XX2PXRV7;
				GENERATE_INFOPLIST_FILE = YES;
				INFOPLIST_FILE = "vk-viktor/Resources/Info.plist";
				INFOPLIST_KEY_UIApplicationSupportsIndirectInputEvents = YES;
				INFOPLIST_KEY_UILaunchStoryboardName = LaunchScreen;
				INFOPLIST_KEY_UIMainStoryboardFile = Main;
				INFOPLIST_KEY_UISupportedInterfaceOrientations_iPad = "UIInterfaceOrientationPortrait UIInterfaceOrientationPortraitUpsideDown UIInterfaceOrientationLandscapeLeft UIInterfaceOrientationLandscapeRight";
				INFOPLIST_KEY_UISupportedInterfaceOrientations_iPhone = "UIInterfaceOrientationPortrait UIInterfaceOrientationLandscapeLeft UIInterfaceOrientationLandscapeRight";
				LD_RUNPATH_SEARCH_PATHS = (
					"$(inherited)",
					"@executable_path/Frameworks",
				);
				MARKETING_VERSION = 1.0;
				PRODUCT_BUNDLE_IDENTIFIER = "com.arturlector.vk-viktor";
				PRODUCT_NAME = "$(TARGET_NAME)";
				SWIFT_EMIT_LOC_STRINGS = YES;
				SWIFT_VERSION = 5.0;
				TARGETED_DEVICE_FAMILY = "1,2";
			};
			name = Debug;
		};
		12F8F4B127A58EAB007EA748 /* Release */ = {
			isa = XCBuildConfiguration;
			buildSettings = {
				ASSETCATALOG_COMPILER_APPICON_NAME = AppIcon;
				ASSETCATALOG_COMPILER_GLOBAL_ACCENT_COLOR_NAME = AccentColor;
				CODE_SIGN_STYLE = Automatic;
				CURRENT_PROJECT_VERSION = 1;
				DEVELOPMENT_TEAM = 77XX2PXRV7;
				GENERATE_INFOPLIST_FILE = YES;
				INFOPLIST_FILE = "vk-viktor/Resources/Info.plist";
				INFOPLIST_KEY_UIApplicationSupportsIndirectInputEvents = YES;
				INFOPLIST_KEY_UILaunchStoryboardName = LaunchScreen;
				INFOPLIST_KEY_UIMainStoryboardFile = Main;
				INFOPLIST_KEY_UISupportedInterfaceOrientations_iPad = "UIInterfaceOrientationPortrait UIInterfaceOrientationPortraitUpsideDown UIInterfaceOrientationLandscapeLeft UIInterfaceOrientationLandscapeRight";
				INFOPLIST_KEY_UISupportedInterfaceOrientations_iPhone = "UIInterfaceOrientationPortrait UIInterfaceOrientationLandscapeLeft UIInterfaceOrientationLandscapeRight";
				LD_RUNPATH_SEARCH_PATHS = (
					"$(inherited)",
					"@executable_path/Frameworks",
				);
				MARKETING_VERSION = 1.0;
				PRODUCT_BUNDLE_IDENTIFIER = "com.arturlector.vk-viktor";
				PRODUCT_NAME = "$(TARGET_NAME)";
				SWIFT_EMIT_LOC_STRINGS = YES;
				SWIFT_VERSION = 5.0;
				TARGETED_DEVICE_FAMILY = "1,2";
			};
			name = Release;
		};
/* End XCBuildConfiguration section */

/* Begin XCConfigurationList section */
		12F8F49627A58EA8007EA748 /* Build configuration list for PBXProject "vk-viktor" */ = {
			isa = XCConfigurationList;
			buildConfigurations = (
				12F8F4AD27A58EAB007EA748 /* Debug */,
				12F8F4AE27A58EAB007EA748 /* Release */,
			);
			defaultConfigurationIsVisible = 0;
			defaultConfigurationName = Release;
		};
		12F8F4AF27A58EAB007EA748 /* Build configuration list for PBXNativeTarget "vk-viktor" */ = {
			isa = XCConfigurationList;
			buildConfigurations = (
				12F8F4B027A58EAB007EA748 /* Debug */,
				12F8F4B127A58EAB007EA748 /* Release */,
			);
			defaultConfigurationIsVisible = 0;
			defaultConfigurationName = Release;
		};
/* End XCConfigurationList section */

/* Begin XCRemoteSwiftPackageReference section */
		12ACF05127AED43A00D92273 /* XCRemoteSwiftPackageReference "Alamofire" */ = {
			isa = XCRemoteSwiftPackageReference;
			repositoryURL = "https://github.com/Alamofire/Alamofire.git";
			requirement = {
				kind = upToNextMajorVersion;
				minimumVersion = 5.0.0;
			};
		};
		12ACF05427AED46E00D92273 /* XCRemoteSwiftPackageReference "SwiftyJSON" */ = {
			isa = XCRemoteSwiftPackageReference;
			repositoryURL = "https://github.com/SwiftyJSON/SwiftyJSON.git";
			requirement = {
				kind = upToNextMajorVersion;
				minimumVersion = 5.0.0;
			};
		};
		12ACF05727AED6D100D92273 /* XCRemoteSwiftPackageReference "SwiftKeychainWrapper" */ = {
			isa = XCRemoteSwiftPackageReference;
			repositoryURL = "https://github.com/jrendel/SwiftKeychainWrapper.git";
			requirement = {
				kind = upToNextMajorVersion;
				minimumVersion = 4.0.0;
			};
		};
/* End XCRemoteSwiftPackageReference section */

/* Begin XCSwiftPackageProductDependency section */
		12ACF05227AED43A00D92273 /* Alamofire */ = {
			isa = XCSwiftPackageProductDependency;
			package = 12ACF05127AED43A00D92273 /* XCRemoteSwiftPackageReference "Alamofire" */;
			productName = Alamofire;
		};
		12ACF05527AED46E00D92273 /* SwiftyJSON */ = {
			isa = XCSwiftPackageProductDependency;
			package = 12ACF05427AED46E00D92273 /* XCRemoteSwiftPackageReference "SwiftyJSON" */;
			productName = SwiftyJSON;
		};
		12ACF05827AED6D100D92273 /* SwiftKeychainWrapper */ = {
			isa = XCSwiftPackageProductDependency;
			package = 12ACF05727AED6D100D92273 /* XCRemoteSwiftPackageReference "SwiftKeychainWrapper" */;
			productName = SwiftKeychainWrapper;
		};
/* End XCSwiftPackageProductDependency section */
	};
	rootObject = 12F8F49327A58EA8007EA748 /* Project object */;
}
